
Microsoft Visual Studio Solution File, Format Version 12.00
# Visual Studio 15
Project("{FAE04EC0-301F-11D3-BF4B-00C04F79EFBC}") = "cryptinopAPI", "cryptinopAPI\cryptinopAPI.csproj", "{390DB3AF-0DB4-4562-A018-C4815BDB7CF1}"
EndProject
Global
	GlobalSection(SolutionConfigurationPlatforms) = preSolution
		Debug|Any CPU = Debug|Any CPU
		Release|Any CPU = Release|Any CPU
	EndGlobalSection
	GlobalSection(ProjectConfigurationPlatforms) = postSolution
		{390DB3AF-0DB4-4562-A018-C4815BDB7CF1}.Debug|Any CPU.ActiveCfg = Debug|Any CPU
		{390DB3AF-0DB4-4562-A018-C4815BDB7CF1}.Debug|Any CPU.Build.0 = Debug|Any CPU
		{390DB3AF-0DB4-4562-A018-C4815BDB7CF1}.Release|Any CPU.ActiveCfg = Release|Any CPU
		{390DB3AF-0DB4-4562-A018-C4815BDB7CF1}.Release|Any CPU.Build.0 = Release|Any CPU
	EndGlobalSection
EndGlobal
